// !$*UTF8*$!
{
	archiveVersion = 1;
	classes = {
	};
	objectVersion = 77;
	objects = {

/* Begin PBXBuildFile section */
		4E180DC52F21D67F0094BFD0 /* TableGrid.swift in Sources */ = {isa = PBXBuildFile; fileRef = 4E180DC42F21D67F0094BFD0 /* TableGrid.swift */; };
/* End PBXBuildFile section */

/* Begin PBXFileReference section */
		4E180DC42F21D67F0094BFD0 /* TableGrid.swift */ = {isa = PBXFileReference; lastKnownFileType = sourcecode.swift; path = TableGrid.swift; sourceTree = "<group>"; };
		4E180DC62F21D7630094BFD0 /* GRID_OPTIMIZATION_SUMMARY.md */ = {isa = PBXFileReference; lastKnownFileType = net.daringfireball.markdown; path = GRID_OPTIMIZATION_SUMMARY.md; sourceTree = "<group>"; };
		4E180DC82F21D77C0094BFD0 /* TableGridTests.swift */ = {isa = PBXFileReference; lastKnownFileType = sourcecode.swift; path = TableGridTests.swift; sourceTree = "<group>"; };
		4E180DCA2F21D7A60094BFD0 /* ARCHITECTURE_COMPARISON.md */ = {isa = PBXFileReference; lastKnownFileType = net.daringfireball.markdown; path = ARCHITECTURE_COMPARISON.md; sourceTree = "<group>"; };
		4E180DCC2F21D7D60094BFD0 /* MIGRATION_GUIDE.md */ = {isa = PBXFileReference; lastKnownFileType = net.daringfireball.markdown; path = MIGRATION_GUIDE.md; sourceTree = "<group>"; };
		4E180DCE2F21D8190094BFD0 /* GRID_VISUAL_REFERENCE.md */ = {isa = PBXFileReference; lastKnownFileType = net.daringfireball.markdown; path = GRID_VISUAL_REFERENCE.md; sourceTree = "<group>"; };
		4E180DD02F21D8860094BFD0 /* COMPILATION_ERRORS_FIXED.md */ = {isa = PBXFileReference; lastKnownFileType = net.daringfireball.markdown; path = COMPILATION_ERRORS_FIXED.md; sourceTree = "<group>"; };
		4E180DD22F21D8AE0094BFD0 /* INTEGRATION_CHECKLIST.md */ = {isa = PBXFileReference; lastKnownFileType = net.daringfireball.markdown; path = INTEGRATION_CHECKLIST.md; sourceTree = "<group>"; };
		4E180DD42F21D9420094BFD0 /* BUILD_FIX.md */ = {isa = PBXFileReference; lastKnownFileType = net.daringfireball.markdown; path = BUILD_FIX.md; sourceTree = "<group>"; };
		4E180DD62F21D9580094BFD0 /* QUICK_REFERENCE.md */ = {isa = PBXFileReference; lastKnownFileType = net.daringfireball.markdown; path = QUICK_REFERENCE.md; sourceTree = "<group>"; };
		4EC41D862F215DF4004362B3 /* SPACEPOOL.app */ = {isa = PBXFileReference; explicitFileType = wrapper.application; includeInIndex = 0; path = SPACEPOOL.app; sourceTree = BUILT_PRODUCTS_DIR; };
		4EC47E902F21DFF900CA7351 /* OBSOLETE_CODE_ANALYSIS.md */ = {isa = PBXFileReference; lastKnownFileType = net.daringfireball.markdown; path = OBSOLETE_CODE_ANALYSIS.md; sourceTree = "<group>"; };
		4EC47E912F21E0AB00CA7351 /* CLEANUP_COMPLETED.md */ = {isa = PBXFileReference; lastKnownFileType = net.daringfireball.markdown; path = CLEANUP_COMPLETED.md; sourceTree = "<group>"; };
		4EC47E922F21E0D800CA7351 /* CLEANUP_SUMMARY.md */ = {isa = PBXFileReference; lastKnownFileType = net.daringfireball.markdown; path = CLEANUP_SUMMARY.md; sourceTree = "<group>"; };
		4EC47E932F21E1AD00CA7351 /* 11BALL_ACCESSORY_CHANGE.md */ = {isa = PBXFileReference; lastKnownFileType = net.daringfireball.markdown; path = 11BALL_ACCESSORY_CHANGE.md; sourceTree = "<group>"; };
		4EC47E942F21E2AE00CA7351 /* EXPLODE_ON_DESTROY_BUG_FIX.md */ = {isa = PBXFileReference; lastKnownFileType = net.daringfireball.markdown; path = EXPLODE_ON_DESTROY_BUG_FIX.md; sourceTree = "<group>"; };
		4EC47E952F21E3AA00CA7351 /* SPAWN_VALIDATION_DEBUG.md */ = {isa = PBXFileReference; lastKnownFileType = net.daringfireball.markdown; path = SPAWN_VALIDATION_DEBUG.md; sourceTree = "<group>"; };
		4EC47E962F22633500CA7351 /* YELLOW_BALL_COLOR_FIX.md */ = {isa = PBXFileReference; lastKnownFileType = net.daringfireball.markdown; path = YELLOW_BALL_COLOR_FIX.md; sourceTree = "<group>"; };
/* End PBXFileReference section */

/* Begin PBXFileSystemSynchronizedRootGroup section */
		4EC41D882F215DF4004362B3 /* SPACEPOOL */ = {
			isa = PBXFileSystemSynchronizedRootGroup;
			path = SPACEPOOL;
			sourceTree = "<group>";
		};
/* End PBXFileSystemSynchronizedRootGroup section */

/* Begin PBXFrameworksBuildPhase section */
		4EC41D832F215DF4004362B3 /* Frameworks */ = {
			isa = PBXFrameworksBuildPhase;
			buildActionMask = 2147483647;
			files = (
			);
			runOnlyForDeploymentPostprocessing = 0;
		};
/* End PBXFrameworksBuildPhase section */

/* Begin PBXGroup section */
		4EC41D7D2F215DF4004362B3 = {
			isa = PBXGroup;
			children = (
				4EC41D882F215DF4004362B3 /* SPACEPOOL */,
				4EC41D872F215DF4004362B3 /* Products */,
				4E180DC42F21D67F0094BFD0 /* TableGrid.swift */,
				4E180DC62F21D7630094BFD0 /* GRID_OPTIMIZATION_SUMMARY.md */,
				4E180DC82F21D77C0094BFD0 /* TableGridTests.swift */,
				4E180DCA2F21D7A60094BFD0 /* ARCHITECTURE_COMPARISON.md */,
				4E180DCC2F21D7D60094BFD0 /* MIGRATION_GUIDE.md */,
				4E180DCE2F21D8190094BFD0 /* GRID_VISUAL_REFERENCE.md */,
				4E180DD02F21D8860094BFD0 /* COMPILATION_ERRORS_FIXED.md */,
				4E180DD22F21D8AE0094BFD0 /* INTEGRATION_CHECKLIST.md */,
				4E180DD42F21D9420094BFD0 /* BUILD_FIX.md */,
				4E180DD62F21D9580094BFD0 /* QUICK_REFERENCE.md */,
				4EC47E902F21DFF900CA7351 /* OBSOLETE_CODE_ANALYSIS.md */,
				4EC47E912F21E0AB00CA7351 /* CLEANUP_COMPLETED.md */,
				4EC47E922F21E0D800CA7351 /* CLEANUP_SUMMARY.md */,
				4EC47E932F21E1AD00CA7351 /* 11BALL_ACCESSORY_CHANGE.md */,
				4EC47E942F21E2AE00CA7351 /* EXPLODE_ON_DESTROY_BUG_FIX.md */,
				4EC47E952F21E3AA00CA7351 /* SPAWN_VALIDATION_DEBUG.md */,
				4EC47E962F22633500CA7351 /* YELLOW_BALL_COLOR_FIX.md */,
			);
			sourceTree = "<group>";
		};
		4EC41D872F215DF4004362B3 /* Products */ = {
			isa = PBXGroup;
			children = (
				4EC41D862F215DF4004362B3 /* SPACEPOOL.app */,
			);
			name = Products;
			sourceTree = "<group>";
		};
/* End PBXGroup section */

/* Begin PBXNativeTarget section */
		4EC41D852F215DF4004362B3 /* SPACEPOOL */ = {
			isa = PBXNativeTarget;
			buildConfigurationList = 4EC41D9D2F215DF5004362B3 /* Build configuration list for PBXNativeTarget "SPACEPOOL" */;
			buildPhases = (
				4EC41D822F215DF4004362B3 /* Sources */,
				4EC41D832F215DF4004362B3 /* Frameworks */,
				4EC41D842F215DF4004362B3 /* Resources */,
			);
			buildRules = (
			);
			dependencies = (
			);
			fileSystemSynchronizedGroups = (
				4EC41D882F215DF4004362B3 /* SPACEPOOL */,
			);
			name = SPACEPOOL;
			packageProductDependencies = (
			);
			productName = SPACEPOOL;
			productReference = 4EC41D862F215DF4004362B3 /* SPACEPOOL.app */;
			productType = "com.apple.product-type.application";
		};
/* End PBXNativeTarget section */

/* Begin PBXProject section */
		4EC41D7E2F215DF4004362B3 /* Project object */ = {
			isa = PBXProject;
			attributes = {
				BuildIndependentTargetsInParallel = 1;
				LastSwiftUpdateCheck = 2620;
				LastUpgradeCheck = 2620;
				TargetAttributes = {
					4EC41D852F215DF4004362B3 = {
						CreatedOnToolsVersion = 26.2;
						LastSwiftMigration = 2620;
					};
				};
			};
			buildConfigurationList = 4EC41D812F215DF4004362B3 /* Build configuration list for PBXProject "SPACEPOOL" */;
			developmentRegion = en;
			hasScannedForEncodings = 0;
			knownRegions = (
				en,
				Base,
				"Base 2",
				"base 2",
			);
			mainGroup = 4EC41D7D2F215DF4004362B3;
			minimizedProjectReferenceProxies = 1;
			preferredProjectObjectVersion = 77;
			productRefGroup = 4EC41D872F215DF4004362B3 /* Products */;
			projectDirPath = "";
			projectRoot = "";
			targets = (
				4EC41D852F215DF4004362B3 /* SPACEPOOL */,
			);
		};
/* End PBXProject section */

/* Begin PBXResourcesBuildPhase section */
		4EC41D842F215DF4004362B3 /* Resources */ = {
			isa = PBXResourcesBuildPhase;
			buildActionMask = 2147483647;
			files = (
			);
			runOnlyForDeploymentPostprocessing = 0;
		};
/* End PBXResourcesBuildPhase section */

/* Begin PBXSourcesBuildPhase section */
		4EC41D822F215DF4004362B3 /* Sources */ = {
			isa = PBXSourcesBuildPhase;
			buildActionMask = 2147483647;
			files = (
				4E180DC52F21D67F0094BFD0 /* TableGrid.swift in Sources */,
			);
			runOnlyForDeploymentPostprocessing = 0;
		};
/* End PBXSourcesBuildPhase section */

/* Begin XCBuildConfiguration section */
		4EC41D9B2F215DF5004362B3 /* Debug */ = {
			isa = XCBuildConfiguration;
			buildSettings = {
				ALWAYS_SEARCH_USER_PATHS = NO;
				ASSETCATALOG_COMPILER_GENERATE_SWIFT_ASSET_SYMBOL_EXTENSIONS = YES;
				CLANG_ANALYZER_NONNULL = YES;
				CLANG_ANALYZER_NUMBER_OBJECT_CONVERSION = YES_AGGRESSIVE;
				CLANG_CXX_LANGUAGE_STANDARD = "gnu++20";
				CLANG_ENABLE_MODULES = YES;
				CLANG_ENABLE_OBJC_ARC = YES;
				CLANG_ENABLE_OBJC_WEAK = YES;
				CLANG_WARN_BLOCK_CAPTURE_AUTORELEASING = YES;
				CLANG_WARN_BOOL_CONVERSION = YES;
				CLANG_WARN_COMMA = YES;
				CLANG_WARN_CONSTANT_CONVERSION = YES;
				CLANG_WARN_DEPRECATED_OBJC_IMPLEMENTATIONS = YES;
				CLANG_WARN_DIRECT_OBJC_ISA_USAGE = YES_ERROR;
				CLANG_WARN_DOCUMENTATION_COMMENTS = YES;
				CLANG_WARN_EMPTY_BODY = YES;
				CLANG_WARN_ENUM_CONVERSION = YES;
				CLANG_WARN_INFINITE_RECURSION = YES;
				CLANG_WARN_INT_CONVERSION = YES;
				CLANG_WARN_NON_LITERAL_NULL_CONVERSION = YES;
				CLANG_WARN_OBJC_IMPLICIT_RETAIN_SELF = YES;
				CLANG_WARN_OBJC_LITERAL_CONVERSION = YES;
				CLANG_WARN_OBJC_ROOT_CLASS = YES_ERROR;
				CLANG_WARN_QUOTED_INCLUDE_IN_FRAMEWORK_HEADER = YES;
				CLANG_WARN_RANGE_LOOP_ANALYSIS = YES;
				CLANG_WARN_STRICT_PROTOTYPES = YES;
				CLANG_WARN_SUSPICIOUS_MOVE = YES;
				CLANG_WARN_UNGUARDED_AVAILABILITY = YES_AGGRESSIVE;
				CLANG_WARN_UNREACHABLE_CODE = YES;
				CLANG_WARN__DUPLICATE_METHOD_MATCH = YES;
				COPY_PHASE_STRIP = NO;
				DEBUG_INFORMATION_FORMAT = dwarf;
				DEVELOPMENT_TEAM = X24EBKLQDP;
				ENABLE_STRICT_OBJC_MSGSEND = YES;
				ENABLE_TESTABILITY = YES;
				ENABLE_USER_SCRIPT_SANDBOXING = YES;
				GCC_C_LANGUAGE_STANDARD = gnu17;
				GCC_DYNAMIC_NO_PIC = NO;
				GCC_NO_COMMON_BLOCKS = YES;
				GCC_OPTIMIZATION_LEVEL = 0;
				GCC_PREPROCESSOR_DEFINITIONS = (
					"DEBUG=1",
					"$(inherited)",
				);
				GCC_WARN_64_TO_32_BIT_CONVERSION = YES;
				GCC_WARN_ABOUT_RETURN_TYPE = YES_ERROR;
				GCC_WARN_UNDECLARED_SELECTOR = YES;
				GCC_WARN_UNINITIALIZED_AUTOS = YES_AGGRESSIVE;
				GCC_WARN_UNUSED_FUNCTION = YES;
				GCC_WARN_UNUSED_VARIABLE = YES;
				IPHONEOS_DEPLOYMENT_TARGET = 26.2;
				LOCALIZATION_PREFERS_STRING_CATALOGS = YES;
				MTL_ENABLE_DEBUG_INFO = INCLUDE_SOURCE;
				MTL_FAST_MATH = YES;
				ONLY_ACTIVE_ARCH = YES;
				SDKROOT = iphoneos;
				SWIFT_ACTIVE_COMPILATION_CONDITIONS = "DEBUG $(inherited)";
				SWIFT_OPTIMIZATION_LEVEL = "-Onone";
			};
			name = Debug;
		};
		4EC41D9C2F215DF5004362B3 /* Release */ = {
			isa = XCBuildConfiguration;
			buildSettings = {
				ALWAYS_SEARCH_USER_PATHS = NO;
				ASSETCATALOG_COMPILER_GENERATE_SWIFT_ASSET_SYMBOL_EXTENSIONS = YES;
				CLANG_ANALYZER_NONNULL = YES;
				CLANG_ANALYZER_NUMBER_OBJECT_CONVERSION = YES_AGGRESSIVE;
				CLANG_CXX_LANGUAGE_STANDARD = "gnu++20";
				CLANG_ENABLE_MODULES = YES;
				CLANG_ENABLE_OBJC_ARC = YES;
				CLANG_ENABLE_OBJC_WEAK = YES;
				CLANG_WARN_BLOCK_CAPTURE_AUTORELEASING = YES;
				CLANG_WARN_BOOL_CONVERSION = YES;
				CLANG_WARN_COMMA = YES;
				CLANG_WARN_CONSTANT_CONVERSION = YES;
				CLANG_WARN_DEPRECATED_OBJC_IMPLEMENTATIONS = YES;
				CLANG_WARN_DIRECT_OBJC_ISA_USAGE = YES_ERROR;
				CLANG_WARN_DOCUMENTATION_COMMENTS = YES;
				CLANG_WARN_EMPTY_BODY = YES;
				CLANG_WARN_ENUM_CONVERSION = YES;
				CLANG_WARN_INFINITE_RECURSION = YES;
				CLANG_WARN_INT_CONVERSION = YES;
				CLANG_WARN_NON_LITERAL_NULL_CONVERSION = YES;
				CLANG_WARN_OBJC_IMPLICIT_RETAIN_SELF = YES;
				CLANG_WARN_OBJC_LITERAL_CONVERSION = YES;
				CLANG_WARN_OBJC_ROOT_CLASS = YES_ERROR;
				CLANG_WARN_QUOTED_INCLUDE_IN_FRAMEWORK_HEADER = YES;
				CLANG_WARN_RANGE_LOOP_ANALYSIS = YES;
				CLANG_WARN_STRICT_PROTOTYPES = YES;
				CLANG_WARN_SUSPICIOUS_MOVE = YES;
				CLANG_WARN_UNGUARDED_AVAILABILITY = YES_AGGRESSIVE;
				CLANG_WARN_UNREACHABLE_CODE = YES;
				CLANG_WARN__DUPLICATE_METHOD_MATCH = YES;
				COPY_PHASE_STRIP = NO;
				DEBUG_INFORMATION_FORMAT = "dwarf-with-dsym";
				DEVELOPMENT_TEAM = X24EBKLQDP;
				ENABLE_NS_ASSERTIONS = NO;
				ENABLE_STRICT_OBJC_MSGSEND = YES;
				ENABLE_USER_SCRIPT_SANDBOXING = YES;
				GCC_C_LANGUAGE_STANDARD = gnu17;
				GCC_NO_COMMON_BLOCKS = YES;
				GCC_WARN_64_TO_32_BIT_CONVERSION = YES;
				GCC_WARN_ABOUT_RETURN_TYPE = YES_ERROR;
				GCC_WARN_UNDECLARED_SELECTOR = YES;
				GCC_WARN_UNINITIALIZED_AUTOS = YES_AGGRESSIVE;
				GCC_WARN_UNUSED_FUNCTION = YES;
				GCC_WARN_UNUSED_VARIABLE = YES;
				IPHONEOS_DEPLOYMENT_TARGET = 26.2;
				LOCALIZATION_PREFERS_STRING_CATALOGS = YES;
				MTL_ENABLE_DEBUG_INFO = NO;
				MTL_FAST_MATH = YES;
				SDKROOT = iphoneos;
				SWIFT_COMPILATION_MODE = wholemodule;
				VALIDATE_PRODUCT = YES;
			};
			name = Release;
		};
		4EC41D9E2F215DF5004362B3 /* Debug */ = {
			isa = XCBuildConfiguration;
			buildSettings = {
				ASSETCATALOG_COMPILER_APPICON_NAME = AppIcon;
				ASSETCATALOG_COMPILER_GLOBAL_ACCENT_COLOR_NAME = AccentColor;
				CLANG_ENABLE_MODULES = YES;
				CODE_SIGN_STYLE = Automatic;
				CURRENT_PROJECT_VERSION = 1;
				DEVELOPMENT_TEAM = X24EBKLQDP;
				GENERATE_INFOPLIST_FILE = YES;
				INFOPLIST_KEY_UIApplicationSupportsIndirectInputEvents = YES;
				INFOPLIST_KEY_UILaunchStoryboardName = LaunchScreen;
				INFOPLIST_KEY_UIMainStoryboardFile = Main;
				INFOPLIST_KEY_UIStatusBarHidden = YES;
				INFOPLIST_KEY_UISupportedInterfaceOrientations = "UIInterfaceOrientationLandscapeLeft UIInterfaceOrientationLandscapeRight";
				INFOPLIST_KEY_UISupportedInterfaceOrientations_iPad = "UIInterfaceOrientationLandscapeLeft UIInterfaceOrientationLandscapeRight UIInterfaceOrientationPortrait UIInterfaceOrientationPortraitUpsideDown";
				IPHONEOS_DEPLOYMENT_TARGET = 17.6;
				LD_RUNPATH_SEARCH_PATHS = (
					"$(inherited)",
					"@executable_path/Frameworks",
				);
				MARKETING_VERSION = 1.0;
				PRODUCT_BUNDLE_IDENTIFIER = com.SPACEPOOL;
				PRODUCT_NAME = "$(TARGET_NAME)";
				STRING_CATALOG_GENERATE_SYMBOLS = YES;
				SWIFT_APPROACHABLE_CONCURRENCY = YES;
				SWIFT_DEFAULT_ACTOR_ISOLATION = MainActor;
				SWIFT_EMIT_LOC_STRINGS = YES;
				SWIFT_OPTIMIZATION_LEVEL = "-Onone";
				SWIFT_UPCOMING_FEATURE_MEMBER_IMPORT_VISIBILITY = YES;
				SWIFT_VERSION = 5.0;
				TARGETED_DEVICE_FAMILY = "1,2";
			};
			name = Debug;
		};
		4EC41D9F2F215DF5004362B3 /* Release */ = {
			isa = XCBuildConfiguration;
			buildSettings = {
				ASSETCATALOG_COMPILER_APPICON_NAME = AppIcon;
				ASSETCATALOG_COMPILER_GLOBAL_ACCENT_COLOR_NAME = AccentColor;
				CLANG_ENABLE_MODULES = YES;
				CODE_SIGN_STYLE = Automatic;
				CURRENT_PROJECT_VERSION = 1;
				DEVELOPMENT_TEAM = X24EBKLQDP;
				GENERATE_INFOPLIST_FILE = YES;
				INFOPLIST_KEY_UIApplicationSupportsIndirectInputEvents = YES;
				INFOPLIST_KEY_UILaunchStoryboardName = LaunchScreen;
				INFOPLIST_KEY_UIMainStoryboardFile = Main;
				INFOPLIST_KEY_UIStatusBarHidden = YES;
				INFOPLIST_KEY_UISupportedInterfaceOrientations = "UIInterfaceOrientationLandscapeLeft UIInterfaceOrientationLandscapeRight";
				INFOPLIST_KEY_UISupportedInterfaceOrientations_iPad = "UIInterfaceOrientationLandscapeLeft UIInterfaceOrientationLandscapeRight UIInterfaceOrientationPortrait UIInterfaceOrientationPortraitUpsideDown";
				IPHONEOS_DEPLOYMENT_TARGET = 17.6;
				LD_RUNPATH_SEARCH_PATHS = (
					"$(inherited)",
					"@executable_path/Frameworks",
				);
				MARKETING_VERSION = 1.0;
				PRODUCT_BUNDLE_IDENTIFIER = com.SPACEPOOL;
				PRODUCT_NAME = "$(TARGET_NAME)";
				STRING_CATALOG_GENERATE_SYMBOLS = YES;
				SWIFT_APPROACHABLE_CONCURRENCY = YES;
				SWIFT_DEFAULT_ACTOR_ISOLATION = MainActor;
				SWIFT_EMIT_LOC_STRINGS = YES;
				SWIFT_UPCOMING_FEATURE_MEMBER_IMPORT_VISIBILITY = YES;
				SWIFT_VERSION = 5.0;
				TARGETED_DEVICE_FAMILY = "1,2";
			};
			name = Release;
		};
/* End XCBuildConfiguration section */

/* Begin XCConfigurationList section */
		4EC41D812F215DF4004362B3 /* Build configuration list for PBXProject "SPACEPOOL" */ = {
			isa = XCConfigurationList;
			buildConfigurations = (
				4EC41D9B2F215DF5004362B3 /* Debug */,
				4EC41D9C2F215DF5004362B3 /* Release */,
			);
			defaultConfigurationIsVisible = 0;
			defaultConfigurationName = Release;
		};
		4EC41D9D2F215DF5004362B3 /* Build configuration list for PBXNativeTarget "SPACEPOOL" */ = {
			isa = XCConfigurationList;
			buildConfigurations = (
				4EC41D9E2F215DF5004362B3 /* Debug */,
				4EC41D9F2F215DF5004362B3 /* Release */,
			);
			defaultConfigurationIsVisible = 0;
			defaultConfigurationName = Release;
		};
/* End XCConfigurationList section */
	};
	rootObject = 4EC41D7E2F215DF4004362B3 /* Project object */;
}
